
Microsoft Visual Studio Solution File, Format Version 12.00
# Visual Studio Version 17
VisualStudioVersion = 17.9.34728.123
MinimumVisualStudioVersion = 10.0.40219.1
Project("{FAE04EC0-301F-11D3-BF4B-00C04F79EFBC}") = "BasicCSharp", "BasicCSharp\BasicCSharp.csproj", "{DE520100-5721-4C0C-9DC4-82C2BC4D1D48}"
EndProject
Global
	GlobalSection(SolutionConfigurationPlatforms) = preSolution
		Debug|Any CPU = Debug|Any CPU
		Release|Any CPU = Release|Any CPU
	EndGlobalSection
	GlobalSection(ProjectConfigurationPlatforms) = postSolution
		{DE520100-5721-4C0C-9DC4-82C2BC4D1D48}.Debug|Any CPU.ActiveCfg = Debug|Any CPU
		{DE520100-5721-4C0C-9DC4-82C2BC4D1D48}.Debug|Any CPU.Build.0 = Debug|Any CPU
		{DE520100-5721-4C0C-9DC4-82C2BC4D1D48}.Release|Any CPU.ActiveCfg = Release|Any CPU
		{DE520100-5721-4C0C-9DC4-82C2BC4D1D48}.Release|Any CPU.Build.0 = Release|Any CPU
	EndGlobalSection
	GlobalSection(SolutionProperties) = preSolution
		HideSolutionNode = FALSE
	EndGlobalSection
	GlobalSection(ExtensibilityGlobals) = postSolution
		SolutionGuid = {4700D8C7-C91E-45E4-B879-AC5A32442975}
	EndGlobalSection
EndGlobal
