
Microsoft Visual Studio Solution File, Format Version 12.00
# Visual Studio Version 17
VisualStudioVersion = 17.9.34728.123
MinimumVisualStudioVersion = 10.0.40219.1
Project("{FAE04EC0-301F-11D3-BF4B-00C04F79EFBC}") = "HelloWorld", "HelloWorld\HelloWorld.csproj", "{BD9B9BA8-A1B5-4832-B664-6DA0A7F0285A}"
EndProject
Global
	GlobalSection(SolutionConfigurationPlatforms) = preSolution
		Debug|Any CPU = Debug|Any CPU
		Release|Any CPU = Release|Any CPU
	EndGlobalSection
	GlobalSection(ProjectConfigurationPlatforms) = postSolution
		{BD9B9BA8-A1B5-4832-B664-6DA0A7F0285A}.Debug|Any CPU.ActiveCfg = Debug|Any CPU
		{BD9B9BA8-A1B5-4832-B664-6DA0A7F0285A}.Debug|Any CPU.Build.0 = Debug|Any CPU
		{BD9B9BA8-A1B5-4832-B664-6DA0A7F0285A}.Release|Any CPU.ActiveCfg = Release|Any CPU
		{BD9B9BA8-A1B5-4832-B664-6DA0A7F0285A}.Release|Any CPU.Build.0 = Release|Any CPU
	EndGlobalSection
	GlobalSection(SolutionProperties) = preSolution
		HideSolutionNode = FALSE
	EndGlobalSection
	GlobalSection(ExtensibilityGlobals) = postSolution
		SolutionGuid = {0DBB5A2C-9F0B-4E66-9A27-B9DE8BFE2E95}
	EndGlobalSection
EndGlobal
