
Microsoft Visual Studio Solution File, Format Version 12.00
# Visual Studio Version 17
VisualStudioVersion = 17.9.34728.123
MinimumVisualStudioVersion = 10.0.40219.1
Project("{FAE04EC0-301F-11D3-BF4B-00C04F79EFBC}") = "IsPostBack", "IsPostBack\IsPostBack.csproj", "{2F8B1465-30F5-4D7A-A252-BEF1D3C11FC9}"
EndProject
Global
	GlobalSection(SolutionConfigurationPlatforms) = preSolution
		Debug|Any CPU = Debug|Any CPU
		Release|Any CPU = Release|Any CPU
	EndGlobalSection
	GlobalSection(ProjectConfigurationPlatforms) = postSolution
		{2F8B1465-30F5-4D7A-A252-BEF1D3C11FC9}.Debug|Any CPU.ActiveCfg = Debug|Any CPU
		{2F8B1465-30F5-4D7A-A252-BEF1D3C11FC9}.Debug|Any CPU.Build.0 = Debug|Any CPU
		{2F8B1465-30F5-4D7A-A252-BEF1D3C11FC9}.Release|Any CPU.ActiveCfg = Release|Any CPU
		{2F8B1465-30F5-4D7A-A252-BEF1D3C11FC9}.Release|Any CPU.Build.0 = Release|Any CPU
	EndGlobalSection
	GlobalSection(SolutionProperties) = preSolution
		HideSolutionNode = FALSE
	EndGlobalSection
	GlobalSection(ExtensibilityGlobals) = postSolution
		SolutionGuid = {B9864D02-5F7E-4DFD-9360-D302456939D5}
	EndGlobalSection
EndGlobal
